// !$*UTF8*$!
{
	archiveVersion = 1;
	classes = {
	};
	objectVersion = 46;
	objects = {

/* Begin PBXBuildFile section */
		E1362B6215AA3B2B0034A2EC /* UIKit.framework in Frameworks */ = {isa = PBXBuildFile; fileRef = E1362B6115AA3B2B0034A2EC /* UIKit.framework */; };
		E1362B6415AA3B2B0034A2EC /* Foundation.framework in Frameworks */ = {isa = PBXBuildFile; fileRef = E1362B6315AA3B2B0034A2EC /* Foundation.framework */; };
		E1362B6615AA3B2B0034A2EC /* CoreGraphics.framework in Frameworks */ = {isa = PBXBuildFile; fileRef = E1362B6515AA3B2B0034A2EC /* CoreGraphics.framework */; };
		E1362B6C15AA3B2B0034A2EC /* InfoPlist.strings in Resources */ = {isa = PBXBuildFile; fileRef = E1362B6A15AA3B2B0034A2EC /* InfoPlist.strings */; };
		E1362B6E15AA3B2B0034A2EC /* main.m in Sources */ = {isa = PBXBuildFile; fileRef = E1362B6D15AA3B2B0034A2EC /* main.m */; };
		E1362B7215AA3B2B0034A2EC /* JotAppDelegate.m in Sources */ = {isa = PBXBuildFile; fileRef = E1362B7115AA3B2B0034A2EC /* JotAppDelegate.m */; };
		E1362B7515AA3B2B0034A2EC /* JotItemViewController.m in Sources */ = {isa = PBXBuildFile; fileRef = E1362B7415AA3B2B0034A2EC /* JotItemViewController.m */; };
		E144EDFC1618C46F00A64615 /* Jot.xcdatamodeld in Sources */ = {isa = PBXBuildFile; fileRef = E144EDFA1618C46F00A64615 /* Jot.xcdatamodeld */; };
		E168A38316112B8800A6AEB8 /* CoreData.framework in Frameworks */ = {isa = PBXBuildFile; fileRef = E168A38216112B8800A6AEB8 /* CoreData.framework */; };
		E168A38916112D8300A6AEB8 /* JotItem.m in Sources */ = {isa = PBXBuildFile; fileRef = E168A38816112D8300A6AEB8 /* JotItem.m */; };
		E1A933EC15B3987700F1F22F /* DAKeyboardControl.m in Sources */ = {isa = PBXBuildFile; fileRef = E1A933EB15B3987700F1F22F /* DAKeyboardControl.m */; };
		E1B2E4A9161359DA0073C3CE /* JotItemStore.m in Sources */ = {isa = PBXBuildFile; fileRef = E1B2E4A8161359DA0073C3CE /* JotItemStore.m */; };
		E1B2E4AF16135E5C0073C3CE /* Default-568h@2x.png in Resources */ = {isa = PBXBuildFile; fileRef = E1B2E4AE16135E5C0073C3CE /* Default-568h@2x.png */; };
		E1BE1D7C15F2652B00271A2D /* IIViewDeckController.m in Sources */ = {isa = PBXBuildFile; fileRef = E1BE1D7915F2652B00271A2D /* IIViewDeckController.m */; };
		E1BE1D7D15F2652B00271A2D /* IIWrapController.m in Sources */ = {isa = PBXBuildFile; fileRef = E1BE1D7B15F2652B00271A2D /* IIWrapController.m */; };
		E1BE1D8015F2654500271A2D /* icon@2x.png in Resources */ = {isa = PBXBuildFile; fileRef = E1BE1D7F15F2654500271A2D /* icon@2x.png */; };
		E1BE1DA115F2F56500271A2D /* JotFileViewController.m in Sources */ = {isa = PBXBuildFile; fileRef = E1BE1DA015F2F56500271A2D /* JotFileViewController.m */; };
		E1BE1DA415F2F6E400271A2D /* JotItemListController.m in Sources */ = {isa = PBXBuildFile; fileRef = E1BE1DA315F2F6E400271A2D /* JotItemListController.m */; };
/* End PBXBuildFile section */

/* Begin PBXFileReference section */
		E1362B5D15AA3B2B0034A2EC /* Jot.app */ = {isa = PBXFileReference; explicitFileType = wrapper.application; includeInIndex = 0; path = Jot.app; sourceTree = BUILT_PRODUCTS_DIR; };
		E1362B6115AA3B2B0034A2EC /* UIKit.framework */ = {isa = PBXFileReference; lastKnownFileType = wrapper.framework; name = UIKit.framework; path = System/Library/Frameworks/UIKit.framework; sourceTree = SDKROOT; };
		E1362B6315AA3B2B0034A2EC /* Foundation.framework */ = {isa = PBXFileReference; lastKnownFileType = wrapper.framework; name = Foundation.framework; path = System/Library/Frameworks/Foundation.framework; sourceTree = SDKROOT; };
		E1362B6515AA3B2B0034A2EC /* CoreGraphics.framework */ = {isa = PBXFileReference; lastKnownFileType = wrapper.framework; name = CoreGraphics.framework; path = System/Library/Frameworks/CoreGraphics.framework; sourceTree = SDKROOT; };
		E1362B6915AA3B2B0034A2EC /* Jot-Info.plist */ = {isa = PBXFileReference; lastKnownFileType = text.plist.xml; path = "Jot-Info.plist"; sourceTree = "<group>"; };
		E1362B6B15AA3B2B0034A2EC /* en */ = {isa = PBXFileReference; lastKnownFileType = text.plist.strings; name = en; path = en.lproj/InfoPlist.strings; sourceTree = "<group>"; };
		E1362B6D15AA3B2B0034A2EC /* main.m */ = {isa = PBXFileReference; lastKnownFileType = sourcecode.c.objc; path = main.m; sourceTree = "<group>"; };
		E1362B6F15AA3B2B0034A2EC /* Jot-Prefix.pch */ = {isa = PBXFileReference; lastKnownFileType = sourcecode.c.h; path = "Jot-Prefix.pch"; sourceTree = "<group>"; };
		E1362B7015AA3B2B0034A2EC /* JotAppDelegate.h */ = {isa = PBXFileReference; lastKnownFileType = sourcecode.c.h; path = JotAppDelegate.h; sourceTree = "<group>"; };
		E1362B7115AA3B2B0034A2EC /* JotAppDelegate.m */ = {isa = PBXFileReference; lastKnownFileType = sourcecode.c.objc; path = JotAppDelegate.m; sourceTree = "<group>"; };
		E1362B7315AA3B2B0034A2EC /* JotItemViewController.h */ = {isa = PBXFileReference; lastKnownFileType = sourcecode.c.h; path = JotItemViewController.h; sourceTree = "<group>"; };
		E1362B7415AA3B2B0034A2EC /* JotItemViewController.m */ = {isa = PBXFileReference; lastKnownFileType = sourcecode.c.objc; path = JotItemViewController.m; sourceTree = "<group>"; };
		E1423600161A6DD7008B3891 /* Constants.h */ = {isa = PBXFileReference; fileEncoding = 4; lastKnownFileType = sourcecode.c.h; path = Constants.h; sourceTree = "<group>"; };
		E144EDFB1618C46F00A64615 /* Jot.xcdatamodel */ = {isa = PBXFileReference; lastKnownFileType = wrapper.xcdatamodel; path = Jot.xcdatamodel; sourceTree = "<group>"; };
		E168A38216112B8800A6AEB8 /* CoreData.framework */ = {isa = PBXFileReference; lastKnownFileType = wrapper.framework; name = CoreData.framework; path = System/Library/Frameworks/CoreData.framework; sourceTree = SDKROOT; };
		E168A38716112D8300A6AEB8 /* JotItem.h */ = {isa = PBXFileReference; fileEncoding = 4; lastKnownFileType = sourcecode.c.h; name = JotItem.h; path = Models/JotItem.h; sourceTree = "<group>"; };
		E168A38816112D8300A6AEB8 /* JotItem.m */ = {isa = PBXFileReference; fileEncoding = 4; lastKnownFileType = sourcecode.c.objc; name = JotItem.m; path = Models/JotItem.m; sourceTree = "<group>"; };
		E1A933EA15B3987700F1F22F /* DAKeyboardControl.h */ = {isa = PBXFileReference; fileEncoding = 4; lastKnownFileType = sourcecode.c.h; name = DAKeyboardControl.h; path = Libs/DAKeyboardControl.h; sourceTree = "<group>"; };
		E1A933EB15B3987700F1F22F /* DAKeyboardControl.m */ = {isa = PBXFileReference; fileEncoding = 4; lastKnownFileType = sourcecode.c.objc; name = DAKeyboardControl.m; path = Libs/DAKeyboardControl.m; sourceTree = "<group>"; };
		E1B2E4A7161359DA0073C3CE /* JotItemStore.h */ = {isa = PBXFileReference; fileEncoding = 4; lastKnownFileType = sourcecode.c.h; name = JotItemStore.h; path = Models/JotItemStore.h; sourceTree = "<group>"; };
		E1B2E4A8161359DA0073C3CE /* JotItemStore.m */ = {isa = PBXFileReference; fileEncoding = 4; lastKnownFileType = sourcecode.c.objc; name = JotItemStore.m; path = Models/JotItemStore.m; sourceTree = "<group>"; };
		E1B2E4AE16135E5C0073C3CE /* Default-568h@2x.png */ = {isa = PBXFileReference; lastKnownFileType = image.png; name = "Default-568h@2x.png"; path = "Resources/Default-568h@2x.png"; sourceTree = "<group>"; };
		E1BE1D7815F2652B00271A2D /* IIViewDeckController.h */ = {isa = PBXFileReference; fileEncoding = 4; lastKnownFileType = sourcecode.c.h; name = IIViewDeckController.h; path = ViewDeck/IIViewDeckController.h; sourceTree = "<group>"; };
		E1BE1D7915F2652B00271A2D /* IIViewDeckController.m */ = {isa = PBXFileReference; fileEncoding = 4; lastKnownFileType = sourcecode.c.objc; name = IIViewDeckController.m; path = ViewDeck/IIViewDeckController.m; sourceTree = "<group>"; };
		E1BE1D7A15F2652B00271A2D /* IIWrapController.h */ = {isa = PBXFileReference; fileEncoding = 4; lastKnownFileType = sourcecode.c.h; name = IIWrapController.h; path = ViewDeck/IIWrapController.h; sourceTree = "<group>"; };
		E1BE1D7B15F2652B00271A2D /* IIWrapController.m */ = {isa = PBXFileReference; fileEncoding = 4; lastKnownFileType = sourcecode.c.objc; name = IIWrapController.m; path = ViewDeck/IIWrapController.m; sourceTree = "<group>"; };
		E1BE1D7F15F2654500271A2D /* icon@2x.png */ = {isa = PBXFileReference; lastKnownFileType = image.png; name = "icon@2x.png"; path = "Resources/icon@2x.png"; sourceTree = "<group>"; };
		E1BE1D9F15F2F56500271A2D /* JotFileViewController.h */ = {isa = PBXFileReference; fileEncoding = 4; lastKnownFileType = sourcecode.c.h; name = JotFileViewController.h; path = Jot/JotFileViewController.h; sourceTree = SOURCE_ROOT; };
		E1BE1DA015F2F56500271A2D /* JotFileViewController.m */ = {isa = PBXFileReference; fileEncoding = 4; lastKnownFileType = sourcecode.c.objc; name = JotFileViewController.m; path = Jot/JotFileViewController.m; sourceTree = SOURCE_ROOT; };
		E1BE1DA215F2F6E400271A2D /* JotItemListController.h */ = {isa = PBXFileReference; fileEncoding = 4; lastKnownFileType = sourcecode.c.h; path = JotItemListController.h; sourceTree = "<group>"; };
		E1BE1DA315F2F6E400271A2D /* JotItemListController.m */ = {isa = PBXFileReference; fileEncoding = 4; lastKnownFileType = sourcecode.c.objc; path = JotItemListController.m; sourceTree = "<group>"; };
/* End PBXFileReference section */

/* Begin PBXFrameworksBuildPhase section */
		E1362B5A15AA3B2B0034A2EC /* Frameworks */ = {
			isa = PBXFrameworksBuildPhase;
			buildActionMask = 2147483647;
			files = (
				E168A38316112B8800A6AEB8 /* CoreData.framework in Frameworks */,
				E1362B6215AA3B2B0034A2EC /* UIKit.framework in Frameworks */,
				E1362B6415AA3B2B0034A2EC /* Foundation.framework in Frameworks */,
				E1362B6615AA3B2B0034A2EC /* CoreGraphics.framework in Frameworks */,
			);
			runOnlyForDeploymentPostprocessing = 0;
		};
/* End PBXFrameworksBuildPhase section */

/* Begin PBXGroup section */
		E1362B5215AA3B2B0034A2EC = {
			isa = PBXGroup;
			children = (
				E1362B6715AA3B2B0034A2EC /* Jot */,
				E1362B6015AA3B2B0034A2EC /* Frameworks */,
				E1362B5E15AA3B2B0034A2EC /* Products */,
			);
			sourceTree = "<group>";
		};
		E1362B5E15AA3B2B0034A2EC /* Products */ = {
			isa = PBXGroup;
			children = (
				E1362B5D15AA3B2B0034A2EC /* Jot.app */,
			);
			name = Products;
			sourceTree = "<group>";
		};
		E1362B6015AA3B2B0034A2EC /* Frameworks */ = {
			isa = PBXGroup;
			children = (
				E168A38216112B8800A6AEB8 /* CoreData.framework */,
				E1362B6115AA3B2B0034A2EC /* UIKit.framework */,
				E1362B6315AA3B2B0034A2EC /* Foundation.framework */,
				E1362B6515AA3B2B0034A2EC /* CoreGraphics.framework */,
			);
			name = Frameworks;
			sourceTree = "<group>";
		};
		E1362B6715AA3B2B0034A2EC /* Jot */ = {
			isa = PBXGroup;
			children = (
				E1BE1D8E15F265EE00271A2D /* Libs */,
				E165FA9D15F1BE3200080DAA /* Resources */,
				E168A38016112B2300A6AEB8 /* Models */,
				E1362B7015AA3B2B0034A2EC /* JotAppDelegate.h */,
				E1362B7115AA3B2B0034A2EC /* JotAppDelegate.m */,
				E1BE1DA215F2F6E400271A2D /* JotItemListController.h */,
				E1BE1DA315F2F6E400271A2D /* JotItemListController.m */,
				E1362B7315AA3B2B0034A2EC /* JotItemViewController.h */,
				E1362B7415AA3B2B0034A2EC /* JotItemViewController.m */,
				E1BE1D9F15F2F56500271A2D /* JotFileViewController.h */,
				E1BE1DA015F2F56500271A2D /* JotFileViewController.m */,
				E1362B6815AA3B2B0034A2EC /* Supporting Files */,
			);
			path = Jot;
			sourceTree = "<group>";
		};
		E1362B6815AA3B2B0034A2EC /* Supporting Files */ = {
			isa = PBXGroup;
			children = (
				E1362B6915AA3B2B0034A2EC /* Jot-Info.plist */,
				E1362B6A15AA3B2B0034A2EC /* InfoPlist.strings */,
				E1362B6D15AA3B2B0034A2EC /* main.m */,
				E1362B6F15AA3B2B0034A2EC /* Jot-Prefix.pch */,
				E1423600161A6DD7008B3891 /* Constants.h */,
			);
			name = "Supporting Files";
			sourceTree = "<group>";
		};
		E165FA9D15F1BE3200080DAA /* Resources */ = {
			isa = PBXGroup;
			children = (
				E1B2E4AE16135E5C0073C3CE /* Default-568h@2x.png */,
				E1BE1D7F15F2654500271A2D /* icon@2x.png */,
			);
			name = Resources;
			sourceTree = "<group>";
		};
		E168A38016112B2300A6AEB8 /* Models */ = {
			isa = PBXGroup;
			children = (
				E1B2E4A7161359DA0073C3CE /* JotItemStore.h */,
				E1B2E4A8161359DA0073C3CE /* JotItemStore.m */,
				E168A38716112D8300A6AEB8 /* JotItem.h */,
				E168A38816112D8300A6AEB8 /* JotItem.m */,
				E144EDFA1618C46F00A64615 /* Jot.xcdatamodeld */,
			);
			name = Models;
			sourceTree = "<group>";
		};
		E1BE1D7715F2652B00271A2D /* ViewDeck */ = {
			isa = PBXGroup;
			children = (
				E1BE1D7815F2652B00271A2D /* IIViewDeckController.h */,
				E1BE1D7915F2652B00271A2D /* IIViewDeckController.m */,
				E1BE1D7A15F2652B00271A2D /* IIWrapController.h */,
				E1BE1D7B15F2652B00271A2D /* IIWrapController.m */,
			);
			name = ViewDeck;
			path = Libs;
			sourceTree = "<group>";
		};
		E1BE1D8E15F265EE00271A2D /* Libs */ = {
			isa = PBXGroup;
			children = (
				E1A933EA15B3987700F1F22F /* DAKeyboardControl.h */,
				E1A933EB15B3987700F1F22F /* DAKeyboardControl.m */,
				E1BE1D7715F2652B00271A2D /* ViewDeck */,
			);
			name = Libs;
			sourceTree = "<group>";
		};
/* End PBXGroup section */

/* Begin PBXNativeTarget section */
		E1362B5C15AA3B2B0034A2EC /* Jot */ = {
			isa = PBXNativeTarget;
			buildConfigurationList = E1362B7B15AA3B2C0034A2EC /* Build configuration list for PBXNativeTarget "Jot" */;
			buildPhases = (
				E1362B5915AA3B2B0034A2EC /* Sources */,
				E1362B5A15AA3B2B0034A2EC /* Frameworks */,
				E1362B5B15AA3B2B0034A2EC /* Resources */,
			);
			buildRules = (
			);
			dependencies = (
			);
			name = Jot;
			productName = Jot;
			productReference = E1362B5D15AA3B2B0034A2EC /* Jot.app */;
			productType = "com.apple.product-type.application";
		};
/* End PBXNativeTarget section */

/* Begin PBXProject section */
		E1362B5415AA3B2B0034A2EC /* Project object */ = {
			isa = PBXProject;
			attributes = {
				CLASSPREFIX = Jot;
				LastUpgradeCheck = 0430;
			};
			buildConfigurationList = E1362B5715AA3B2B0034A2EC /* Build configuration list for PBXProject "Jot" */;
			compatibilityVersion = "Xcode 3.2";
			developmentRegion = English;
			hasScannedForEncodings = 0;
			knownRegions = (
				en,
			);
			mainGroup = E1362B5215AA3B2B0034A2EC;
			productRefGroup = E1362B5E15AA3B2B0034A2EC /* Products */;
			projectDirPath = "";
			projectRoot = "";
			targets = (
				E1362B5C15AA3B2B0034A2EC /* Jot */,
			);
		};
/* End PBXProject section */

/* Begin PBXResourcesBuildPhase section */
		E1362B5B15AA3B2B0034A2EC /* Resources */ = {
			isa = PBXResourcesBuildPhase;
			buildActionMask = 2147483647;
			files = (
				E1362B6C15AA3B2B0034A2EC /* InfoPlist.strings in Resources */,
				E1BE1D8015F2654500271A2D /* icon@2x.png in Resources */,
				E1B2E4AF16135E5C0073C3CE /* Default-568h@2x.png in Resources */,
			);
			runOnlyForDeploymentPostprocessing = 0;
		};
/* End PBXResourcesBuildPhase section */

/* Begin PBXSourcesBuildPhase section */
		E1362B5915AA3B2B0034A2EC /* Sources */ = {
			isa = PBXSourcesBuildPhase;
			buildActionMask = 2147483647;
			files = (
				E1362B6E15AA3B2B0034A2EC /* main.m in Sources */,
				E1362B7215AA3B2B0034A2EC /* JotAppDelegate.m in Sources */,
				E1362B7515AA3B2B0034A2EC /* JotItemViewController.m in Sources */,
				E1A933EC15B3987700F1F22F /* DAKeyboardControl.m in Sources */,
				E1BE1D7C15F2652B00271A2D /* IIViewDeckController.m in Sources */,
				E1BE1D7D15F2652B00271A2D /* IIWrapController.m in Sources */,
				E1BE1DA115F2F56500271A2D /* JotFileViewController.m in Sources */,
				E1BE1DA415F2F6E400271A2D /* JotItemListController.m in Sources */,
				E168A38916112D8300A6AEB8 /* JotItem.m in Sources */,
				E1B2E4A9161359DA0073C3CE /* JotItemStore.m in Sources */,
				E144EDFC1618C46F00A64615 /* Jot.xcdatamodeld in Sources */,
			);
			runOnlyForDeploymentPostprocessing = 0;
		};
/* End PBXSourcesBuildPhase section */

/* Begin PBXVariantGroup section */
		E1362B6A15AA3B2B0034A2EC /* InfoPlist.strings */ = {
			isa = PBXVariantGroup;
			children = (
				E1362B6B15AA3B2B0034A2EC /* en */,
			);
			name = InfoPlist.strings;
			sourceTree = "<group>";
		};
/* End PBXVariantGroup section */

/* Begin XCBuildConfiguration section */
		E1362B7915AA3B2C0034A2EC /* Debug */ = {
			isa = XCBuildConfiguration;
			buildSettings = {
				ALWAYS_SEARCH_USER_PATHS = NO;
				ARCHS = "$(ARCHS_STANDARD_32_BIT)";
				CLANG_ENABLE_OBJC_ARC = YES;
				"CODE_SIGN_IDENTITY[sdk=iphoneos*]" = "iPhone Developer";
				COPY_PHASE_STRIP = NO;
				GCC_C_LANGUAGE_STANDARD = gnu99;
				GCC_DYNAMIC_NO_PIC = NO;
				GCC_OPTIMIZATION_LEVEL = 0;
				GCC_PREPROCESSOR_DEFINITIONS = (
					"DEBUG=1",
					"$(inherited)",
				);
				GCC_SYMBOLS_PRIVATE_EXTERN = NO;
				GCC_VERSION = com.apple.compilers.llvm.clang.1_0;
				GCC_WARN_ABOUT_RETURN_TYPE = YES;
				GCC_WARN_UNINITIALIZED_AUTOS = YES;
				GCC_WARN_UNUSED_VARIABLE = YES;
				IPHONEOS_DEPLOYMENT_TARGET = 5.1;
				SDKROOT = iphoneos;
			};
			name = Debug;
		};
		E1362B7A15AA3B2C0034A2EC /* Release */ = {
			isa = XCBuildConfiguration;
			buildSettings = {
				ALWAYS_SEARCH_USER_PATHS = NO;
				ARCHS = "$(ARCHS_STANDARD_32_BIT)";
				CLANG_ENABLE_OBJC_ARC = YES;
				"CODE_SIGN_IDENTITY[sdk=iphoneos*]" = "iPhone Developer";
				COPY_PHASE_STRIP = YES;
				GCC_C_LANGUAGE_STANDARD = gnu99;
				GCC_VERSION = com.apple.compilers.llvm.clang.1_0;
				GCC_WARN_ABOUT_RETURN_TYPE = YES;
				GCC_WARN_UNINITIALIZED_AUTOS = YES;
				GCC_WARN_UNUSED_VARIABLE = YES;
				IPHONEOS_DEPLOYMENT_TARGET = 5.1;
				OTHER_CFLAGS = "-DNS_BLOCK_ASSERTIONS=1";
				SDKROOT = iphoneos;
				VALIDATE_PRODUCT = YES;
			};
			name = Release;
		};
		E1362B7C15AA3B2C0034A2EC /* Debug */ = {
			isa = XCBuildConfiguration;
			buildSettings = {
				GCC_PRECOMPILE_PREFIX_HEADER = YES;
				GCC_PREFIX_HEADER = "Jot/Jot-Prefix.pch";
				INFOPLIST_FILE = "Jot/Jot-Info.plist";
				PRODUCT_NAME = "$(TARGET_NAME)";
				WRAPPER_EXTENSION = app;
			};
			name = Debug;
		};
		E1362B7D15AA3B2C0034A2EC /* Release */ = {
			isa = XCBuildConfiguration;
			buildSettings = {
				GCC_PRECOMPILE_PREFIX_HEADER = YES;
				GCC_PREFIX_HEADER = "Jot/Jot-Prefix.pch";
				INFOPLIST_FILE = "Jot/Jot-Info.plist";
				PRODUCT_NAME = "$(TARGET_NAME)";
				WRAPPER_EXTENSION = app;
			};
			name = Release;
		};
/* End XCBuildConfiguration section */

/* Begin XCConfigurationList section */
		E1362B5715AA3B2B0034A2EC /* Build configuration list for PBXProject "Jot" */ = {
			isa = XCConfigurationList;
			buildConfigurations = (
				E1362B7915AA3B2C0034A2EC /* Debug */,
				E1362B7A15AA3B2C0034A2EC /* Release */,
			);
			defaultConfigurationIsVisible = 0;
			defaultConfigurationName = Release;
		};
		E1362B7B15AA3B2C0034A2EC /* Build configuration list for PBXNativeTarget "Jot" */ = {
			isa = XCConfigurationList;
			buildConfigurations = (
				E1362B7C15AA3B2C0034A2EC /* Debug */,
				E1362B7D15AA3B2C0034A2EC /* Release */,
			);
			defaultConfigurationIsVisible = 0;
			defaultConfigurationName = Release;
		};
/* End XCConfigurationList section */

/* Begin XCVersionGroup section */
		E144EDFA1618C46F00A64615 /* Jot.xcdatamodeld */ = {
			isa = XCVersionGroup;
			children = (
				E144EDFB1618C46F00A64615 /* Jot.xcdatamodel */,
			);
			currentVersion = E144EDFB1618C46F00A64615 /* Jot.xcdatamodel */;
			name = Jot.xcdatamodeld;
			path = Models/Jot.xcdatamodeld;
			sourceTree = "<group>";
			versionGroupType = wrapper.xcdatamodel;
		};
/* End XCVersionGroup section */
	};
	rootObject = E1362B5415AA3B2B0034A2EC /* Project object */;
}
