// !$*UTF8*$!
{
	archiveVersion = 1;
	classes = {
	};
	objectVersion = 46;
	objects = {

/* Begin PBXBuildFile section */
		E103CE43169BCE07009EDECD /* SettingsAppearanceController.m in Sources */ = {isa = PBXBuildFile; fileRef = E103CE42169BCE07009EDECD /* SettingsAppearanceController.m */; };
		E10BF1B4163BA32F0008BA81 /* MessageUI.framework in Frameworks */ = {isa = PBXBuildFile; fileRef = E10BF1B1163BA3240008BA81 /* MessageUI.framework */; };
		E1223F0B16D93D2D007EEF5B /* ANImageBitmapRep.m in Sources */ = {isa = PBXBuildFile; fileRef = E1223EE316D93D2D007EEF5B /* ANImageBitmapRep.m */; };
		E1223F0C16D93D2D007EEF5B /* BitmapContextRep.m in Sources */ = {isa = PBXBuildFile; fileRef = E1223EE516D93D2D007EEF5B /* BitmapContextRep.m */; };
		E1223F0D16D93D2D007EEF5B /* NSImage+ANImageBitmapRep.m in Sources */ = {isa = PBXBuildFile; fileRef = E1223EE816D93D2D007EEF5B /* NSImage+ANImageBitmapRep.m */; };
		E1223F0E16D93D2D007EEF5B /* OSCommonImage.m in Sources */ = {isa = PBXBuildFile; fileRef = E1223EEA16D93D2D007EEF5B /* OSCommonImage.m */; };
		E1223F0F16D93D2D007EEF5B /* UIImage+ANImageBitmapRep.m in Sources */ = {isa = PBXBuildFile; fileRef = E1223EEC16D93D2D007EEF5B /* UIImage+ANImageBitmapRep.m */; };
		E1223F1016D93D2D007EEF5B /* CGContextCreator.m in Sources */ = {isa = PBXBuildFile; fileRef = E1223EEF16D93D2D007EEF5B /* CGContextCreator.m */; };
		E1223F1116D93D2D007EEF5B /* CGImageContainer.m in Sources */ = {isa = PBXBuildFile; fileRef = E1223EF116D93D2D007EEF5B /* CGImageContainer.m */; };
		E1223F1216D93D2D007EEF5B /* BitmapContextManipulator.m in Sources */ = {isa = PBXBuildFile; fileRef = E1223EF416D93D2D007EEF5B /* BitmapContextManipulator.m */; };
		E1223F1316D93D2D007EEF5B /* BitmapCropManipulator.m in Sources */ = {isa = PBXBuildFile; fileRef = E1223EF616D93D2D007EEF5B /* BitmapCropManipulator.m */; };
		E1223F1416D93D2D007EEF5B /* BitmapRotationManipulator.m in Sources */ = {isa = PBXBuildFile; fileRef = E1223EF816D93D2D007EEF5B /* BitmapRotationManipulator.m */; };
		E1223F1516D93D2D007EEF5B /* BitmapScaleManipulator.m in Sources */ = {isa = PBXBuildFile; fileRef = E1223EFA16D93D2D007EEF5B /* BitmapScaleManipulator.m */; };
		E1223F1616D93D2D007EEF5B /* BGRSLoupeLayer.m in Sources */ = {isa = PBXBuildFile; fileRef = E1223EFD16D93D2D007EEF5B /* BGRSLoupeLayer.m */; };
		E1223F1716D93D2D007EEF5B /* RSBrightnessSlider.m in Sources */ = {isa = PBXBuildFile; fileRef = E1223EFF16D93D2D007EEF5B /* RSBrightnessSlider.m */; };
		E1223F1816D93D2D007EEF5B /* RSColorPickerView.m in Sources */ = {isa = PBXBuildFile; fileRef = E1223F0116D93D2D007EEF5B /* RSColorPickerView.m */; };
		E1223F1F16D93E30007EEF5B /* QuartzCore.framework in Frameworks */ = {isa = PBXBuildFile; fileRef = E1223F1E16D93E30007EEF5B /* QuartzCore.framework */; };
		E1223F2216D941D7007EEF5B /* SettingsColorController.m in Sources */ = {isa = PBXBuildFile; fileRef = E1223F2116D941D6007EEF5B /* SettingsColorController.m */; };
		E1362B6215AA3B2B0034A2EC /* UIKit.framework in Frameworks */ = {isa = PBXBuildFile; fileRef = E1362B6115AA3B2B0034A2EC /* UIKit.framework */; };
		E1362B6415AA3B2B0034A2EC /* Foundation.framework in Frameworks */ = {isa = PBXBuildFile; fileRef = E1362B6315AA3B2B0034A2EC /* Foundation.framework */; };
		E1362B6615AA3B2B0034A2EC /* CoreGraphics.framework in Frameworks */ = {isa = PBXBuildFile; fileRef = E1362B6515AA3B2B0034A2EC /* CoreGraphics.framework */; };
		E1362B6C15AA3B2B0034A2EC /* InfoPlist.strings in Resources */ = {isa = PBXBuildFile; fileRef = E1362B6A15AA3B2B0034A2EC /* InfoPlist.strings */; };
		E1362B6E15AA3B2B0034A2EC /* main.m in Sources */ = {isa = PBXBuildFile; fileRef = E1362B6D15AA3B2B0034A2EC /* main.m */; };
		E1362B7215AA3B2B0034A2EC /* JotAppDelegate.m in Sources */ = {isa = PBXBuildFile; fileRef = E1362B7115AA3B2B0034A2EC /* JotAppDelegate.m */; };
		E1362B7515AA3B2B0034A2EC /* ItemViewController.m in Sources */ = {isa = PBXBuildFile; fileRef = E1362B7415AA3B2B0034A2EC /* ItemViewController.m */; };
		E1364CD71735F9C200686383 /* FacebookSDK.framework in Frameworks */ = {isa = PBXBuildFile; fileRef = E1364CD61735F9C200686383 /* FacebookSDK.framework */; };
		E1364CD91735F9DD00686383 /* FacebookSDKResources.bundle in Resources */ = {isa = PBXBuildFile; fileRef = E1364CD81735F9DD00686383 /* FacebookSDKResources.bundle */; };
		E13901AA1644CF6800D8BE3E /* Accounts.framework in Frameworks */ = {isa = PBXBuildFile; fileRef = E13901A91644CF6800D8BE3E /* Accounts.framework */; settings = {ATTRIBUTES = (Weak, ); }; };
		E13901AC1644CF7D00D8BE3E /* AdSupport.framework in Frameworks */ = {isa = PBXBuildFile; fileRef = E13901AB1644CF7D00D8BE3E /* AdSupport.framework */; settings = {ATTRIBUTES = (Weak, ); }; };
		E13901AE1644CF9600D8BE3E /* Social.framework in Frameworks */ = {isa = PBXBuildFile; fileRef = E13901AD1644CF9600D8BE3E /* Social.framework */; settings = {ATTRIBUTES = (Weak, ); }; };
		E1393D8C16D9CB5C0028CA17 /* IISideController.m in Sources */ = {isa = PBXBuildFile; fileRef = E1393D8B16D9CB5C0028CA17 /* IISideController.m */; };
		E144EDFC1618C46F00A64615 /* Jot.xcdatamodeld in Sources */ = {isa = PBXBuildFile; fileRef = E144EDFA1618C46F00A64615 /* Jot.xcdatamodeld */; };
		E15633FE166121BF00B227EA /* icon.png in Resources */ = {isa = PBXBuildFile; fileRef = E15633FD166121BF00B227EA /* icon.png */; };
		E1563400166121C700B227EA /* Default.png in Resources */ = {isa = PBXBuildFile; fileRef = E15633FF166121C700B227EA /* Default.png */; };
		E1563402166121CA00B227EA /* Default@2x.png in Resources */ = {isa = PBXBuildFile; fileRef = E1563401166121CA00B227EA /* Default@2x.png */; };
		E15B2B7F16752F7E00FFCF00 /* Constants.m in Sources */ = {isa = PBXBuildFile; fileRef = E15B2B7E16752F7E00FFCF00 /* Constants.m */; };
		E168A38316112B8800A6AEB8 /* CoreData.framework in Frameworks */ = {isa = PBXBuildFile; fileRef = E168A38216112B8800A6AEB8 /* CoreData.framework */; };
		E168A38916112D8300A6AEB8 /* JotItem.m in Sources */ = {isa = PBXBuildFile; fileRef = E168A38816112D8300A6AEB8 /* JotItem.m */; };
		E1A933EC15B3987700F1F22F /* DAKeyboardControl.m in Sources */ = {isa = PBXBuildFile; fileRef = E1A933EB15B3987700F1F22F /* DAKeyboardControl.m */; };
		E1B2E4A9161359DA0073C3CE /* JotItemStore.m in Sources */ = {isa = PBXBuildFile; fileRef = E1B2E4A8161359DA0073C3CE /* JotItemStore.m */; };
		E1B2E4AF16135E5C0073C3CE /* Default-568h@2x.png in Resources */ = {isa = PBXBuildFile; fileRef = E1B2E4AE16135E5C0073C3CE /* Default-568h@2x.png */; };
		E1BA5977162137EF00653159 /* IIViewDeckController.m in Sources */ = {isa = PBXBuildFile; fileRef = E1BA5974162137EF00653159 /* IIViewDeckController.m */; };
		E1BA5978162137EF00653159 /* IIWrapController.m in Sources */ = {isa = PBXBuildFile; fileRef = E1BA5976162137EF00653159 /* IIWrapController.m */; };
		E1BE1D8015F2654500271A2D /* icon@2x.png in Resources */ = {isa = PBXBuildFile; fileRef = E1BE1D7F15F2654500271A2D /* icon@2x.png */; };
		E1BE1DA115F2F56500271A2D /* ItemActionsController.m in Sources */ = {isa = PBXBuildFile; fileRef = E1BE1DA015F2F56500271A2D /* ItemActionsController.m */; };
		E1BE1DA415F2F6E400271A2D /* ItemListController.m in Sources */ = {isa = PBXBuildFile; fileRef = E1BE1DA315F2F6E400271A2D /* ItemListController.m */; };
		E1E6A1B1164C987500839427 /* Twitter.framework in Frameworks */ = {isa = PBXBuildFile; fileRef = E1E6A1B0164C987400839427 /* Twitter.framework */; };
		E1F65B04164EC8A100983129 /* SettingsController.m in Sources */ = {isa = PBXBuildFile; fileRef = E1F65B03164EC8A100983129 /* SettingsController.m */; };
/* End PBXBuildFile section */

/* Begin PBXFileReference section */
		E103CE41169BCE07009EDECD /* SettingsAppearanceController.h */ = {isa = PBXFileReference; fileEncoding = 4; lastKnownFileType = sourcecode.c.h; name = SettingsAppearanceController.h; path = Controllers/SettingsAppearanceController.h; sourceTree = "<group>"; };
		E103CE42169BCE07009EDECD /* SettingsAppearanceController.m */ = {isa = PBXFileReference; fileEncoding = 4; lastKnownFileType = sourcecode.c.objc; name = SettingsAppearanceController.m; path = Controllers/SettingsAppearanceController.m; sourceTree = "<group>"; };
		E10BF1B1163BA3240008BA81 /* MessageUI.framework */ = {isa = PBXFileReference; lastKnownFileType = wrapper.framework; name = MessageUI.framework; path = System/Library/Frameworks/MessageUI.framework; sourceTree = SDKROOT; };
		E1223EE216D93D2D007EEF5B /* ANImageBitmapRep.h */ = {isa = PBXFileReference; fileEncoding = 4; lastKnownFileType = sourcecode.c.h; path = ANImageBitmapRep.h; sourceTree = "<group>"; };
		E1223EE316D93D2D007EEF5B /* ANImageBitmapRep.m */ = {isa = PBXFileReference; fileEncoding = 4; lastKnownFileType = sourcecode.c.objc; path = ANImageBitmapRep.m; sourceTree = "<group>"; };
		E1223EE416D93D2D007EEF5B /* BitmapContextRep.h */ = {isa = PBXFileReference; fileEncoding = 4; lastKnownFileType = sourcecode.c.h; path = BitmapContextRep.h; sourceTree = "<group>"; };
		E1223EE516D93D2D007EEF5B /* BitmapContextRep.m */ = {isa = PBXFileReference; fileEncoding = 4; lastKnownFileType = sourcecode.c.objc; path = BitmapContextRep.m; sourceTree = "<group>"; };
		E1223EE716D93D2D007EEF5B /* NSImage+ANImageBitmapRep.h */ = {isa = PBXFileReference; fileEncoding = 4; lastKnownFileType = sourcecode.c.h; path = "NSImage+ANImageBitmapRep.h"; sourceTree = "<group>"; };
		E1223EE816D93D2D007EEF5B /* NSImage+ANImageBitmapRep.m */ = {isa = PBXFileReference; fileEncoding = 4; lastKnownFileType = sourcecode.c.objc; path = "NSImage+ANImageBitmapRep.m"; sourceTree = "<group>"; };
		E1223EE916D93D2D007EEF5B /* OSCommonImage.h */ = {isa = PBXFileReference; fileEncoding = 4; lastKnownFileType = sourcecode.c.h; path = OSCommonImage.h; sourceTree = "<group>"; };
		E1223EEA16D93D2D007EEF5B /* OSCommonImage.m */ = {isa = PBXFileReference; fileEncoding = 4; lastKnownFileType = sourcecode.c.objc; path = OSCommonImage.m; sourceTree = "<group>"; };
		E1223EEB16D93D2D007EEF5B /* UIImage+ANImageBitmapRep.h */ = {isa = PBXFileReference; fileEncoding = 4; lastKnownFileType = sourcecode.c.h; path = "UIImage+ANImageBitmapRep.h"; sourceTree = "<group>"; };
		E1223EEC16D93D2D007EEF5B /* UIImage+ANImageBitmapRep.m */ = {isa = PBXFileReference; fileEncoding = 4; lastKnownFileType = sourcecode.c.objc; path = "UIImage+ANImageBitmapRep.m"; sourceTree = "<group>"; };
		E1223EEE16D93D2D007EEF5B /* CGContextCreator.h */ = {isa = PBXFileReference; fileEncoding = 4; lastKnownFileType = sourcecode.c.h; path = CGContextCreator.h; sourceTree = "<group>"; };
		E1223EEF16D93D2D007EEF5B /* CGContextCreator.m */ = {isa = PBXFileReference; fileEncoding = 4; lastKnownFileType = sourcecode.c.objc; path = CGContextCreator.m; sourceTree = "<group>"; };
		E1223EF016D93D2D007EEF5B /* CGImageContainer.h */ = {isa = PBXFileReference; fileEncoding = 4; lastKnownFileType = sourcecode.c.h; path = CGImageContainer.h; sourceTree = "<group>"; };
		E1223EF116D93D2D007EEF5B /* CGImageContainer.m */ = {isa = PBXFileReference; fileEncoding = 4; lastKnownFileType = sourcecode.c.objc; path = CGImageContainer.m; sourceTree = "<group>"; };
		E1223EF316D93D2D007EEF5B /* BitmapContextManipulator.h */ = {isa = PBXFileReference; fileEncoding = 4; lastKnownFileType = sourcecode.c.h; path = BitmapContextManipulator.h; sourceTree = "<group>"; };
		E1223EF416D93D2D007EEF5B /* BitmapContextManipulator.m */ = {isa = PBXFileReference; fileEncoding = 4; lastKnownFileType = sourcecode.c.objc; path = BitmapContextManipulator.m; sourceTree = "<group>"; };
		E1223EF516D93D2D007EEF5B /* BitmapCropManipulator.h */ = {isa = PBXFileReference; fileEncoding = 4; lastKnownFileType = sourcecode.c.h; path = BitmapCropManipulator.h; sourceTree = "<group>"; };
		E1223EF616D93D2D007EEF5B /* BitmapCropManipulator.m */ = {isa = PBXFileReference; fileEncoding = 4; lastKnownFileType = sourcecode.c.objc; path = BitmapCropManipulator.m; sourceTree = "<group>"; };
		E1223EF716D93D2D007EEF5B /* BitmapRotationManipulator.h */ = {isa = PBXFileReference; fileEncoding = 4; lastKnownFileType = sourcecode.c.h; path = BitmapRotationManipulator.h; sourceTree = "<group>"; };
		E1223EF816D93D2D007EEF5B /* BitmapRotationManipulator.m */ = {isa = PBXFileReference; fileEncoding = 4; lastKnownFileType = sourcecode.c.objc; path = BitmapRotationManipulator.m; sourceTree = "<group>"; };
		E1223EF916D93D2D007EEF5B /* BitmapScaleManipulator.h */ = {isa = PBXFileReference; fileEncoding = 4; lastKnownFileType = sourcecode.c.h; path = BitmapScaleManipulator.h; sourceTree = "<group>"; };
		E1223EFA16D93D2D007EEF5B /* BitmapScaleManipulator.m */ = {isa = PBXFileReference; fileEncoding = 4; lastKnownFileType = sourcecode.c.objc; path = BitmapScaleManipulator.m; sourceTree = "<group>"; };
		E1223EFC16D93D2D007EEF5B /* BGRSLoupeLayer.h */ = {isa = PBXFileReference; fileEncoding = 4; lastKnownFileType = sourcecode.c.h; path = BGRSLoupeLayer.h; sourceTree = "<group>"; };
		E1223EFD16D93D2D007EEF5B /* BGRSLoupeLayer.m */ = {isa = PBXFileReference; fileEncoding = 4; lastKnownFileType = sourcecode.c.objc; path = BGRSLoupeLayer.m; sourceTree = "<group>"; };
		E1223EFE16D93D2D007EEF5B /* RSBrightnessSlider.h */ = {isa = PBXFileReference; fileEncoding = 4; lastKnownFileType = sourcecode.c.h; path = RSBrightnessSlider.h; sourceTree = "<group>"; };
		E1223EFF16D93D2D007EEF5B /* RSBrightnessSlider.m */ = {isa = PBXFileReference; fileEncoding = 4; lastKnownFileType = sourcecode.c.objc; path = RSBrightnessSlider.m; sourceTree = "<group>"; };
		E1223F0016D93D2D007EEF5B /* RSColorPickerView.h */ = {isa = PBXFileReference; fileEncoding = 4; lastKnownFileType = sourcecode.c.h; path = RSColorPickerView.h; sourceTree = "<group>"; };
		E1223F0116D93D2D007EEF5B /* RSColorPickerView.m */ = {isa = PBXFileReference; fileEncoding = 4; lastKnownFileType = sourcecode.c.objc; path = RSColorPickerView.m; sourceTree = "<group>"; };
		E1223F1E16D93E30007EEF5B /* QuartzCore.framework */ = {isa = PBXFileReference; lastKnownFileType = wrapper.framework; name = QuartzCore.framework; path = System/Library/Frameworks/QuartzCore.framework; sourceTree = SDKROOT; };
		E1223F2016D941D6007EEF5B /* SettingsColorController.h */ = {isa = PBXFileReference; fileEncoding = 4; lastKnownFileType = sourcecode.c.h; name = SettingsColorController.h; path = Controllers/SettingsColorController.h; sourceTree = "<group>"; };
		E1223F2116D941D6007EEF5B /* SettingsColorController.m */ = {isa = PBXFileReference; fileEncoding = 4; lastKnownFileType = sourcecode.c.objc; name = SettingsColorController.m; path = Controllers/SettingsColorController.m; sourceTree = "<group>"; };
		E1362B5D15AA3B2B0034A2EC /* Jot.app */ = {isa = PBXFileReference; explicitFileType = wrapper.application; includeInIndex = 0; path = Jot.app; sourceTree = BUILT_PRODUCTS_DIR; };
		E1362B6115AA3B2B0034A2EC /* UIKit.framework */ = {isa = PBXFileReference; lastKnownFileType = wrapper.framework; name = UIKit.framework; path = System/Library/Frameworks/UIKit.framework; sourceTree = SDKROOT; };
		E1362B6315AA3B2B0034A2EC /* Foundation.framework */ = {isa = PBXFileReference; lastKnownFileType = wrapper.framework; name = Foundation.framework; path = System/Library/Frameworks/Foundation.framework; sourceTree = SDKROOT; };
		E1362B6515AA3B2B0034A2EC /* CoreGraphics.framework */ = {isa = PBXFileReference; lastKnownFileType = wrapper.framework; name = CoreGraphics.framework; path = System/Library/Frameworks/CoreGraphics.framework; sourceTree = SDKROOT; };
		E1362B6915AA3B2B0034A2EC /* Jot-Info.plist */ = {isa = PBXFileReference; lastKnownFileType = text.plist.xml; path = "Jot-Info.plist"; sourceTree = "<group>"; };
		E1362B6B15AA3B2B0034A2EC /* en */ = {isa = PBXFileReference; lastKnownFileType = text.plist.strings; name = en; path = en.lproj/InfoPlist.strings; sourceTree = "<group>"; };
		E1362B6D15AA3B2B0034A2EC /* main.m */ = {isa = PBXFileReference; lastKnownFileType = sourcecode.c.objc; path = main.m; sourceTree = "<group>"; };
		E1362B6F15AA3B2B0034A2EC /* Jot-Prefix.pch */ = {isa = PBXFileReference; lastKnownFileType = sourcecode.c.h; path = "Jot-Prefix.pch"; sourceTree = "<group>"; };
		E1362B7015AA3B2B0034A2EC /* JotAppDelegate.h */ = {isa = PBXFileReference; lastKnownFileType = sourcecode.c.h; path = JotAppDelegate.h; sourceTree = "<group>"; };
		E1362B7115AA3B2B0034A2EC /* JotAppDelegate.m */ = {isa = PBXFileReference; lastKnownFileType = sourcecode.c.objc; path = JotAppDelegate.m; sourceTree = "<group>"; };
		E1362B7315AA3B2B0034A2EC /* ItemViewController.h */ = {isa = PBXFileReference; lastKnownFileType = sourcecode.c.h; name = ItemViewController.h; path = Controllers/ItemViewController.h; sourceTree = "<group>"; };
		E1362B7415AA3B2B0034A2EC /* ItemViewController.m */ = {isa = PBXFileReference; lastKnownFileType = sourcecode.c.objc; name = ItemViewController.m; path = Controllers/ItemViewController.m; sourceTree = "<group>"; };
		E1364CD61735F9C200686383 /* FacebookSDK.framework */ = {isa = PBXFileReference; lastKnownFileType = wrapper.framework; name = FacebookSDK.framework; path = Jot/Vendor/FacebookSDK/build/FacebookSDK.framework; sourceTree = "<group>"; };
		E1364CD81735F9DD00686383 /* FacebookSDKResources.bundle */ = {isa = PBXFileReference; lastKnownFileType = "wrapper.plug-in"; name = FacebookSDKResources.bundle; path = Jot/Vendor/FacebookSDK/build/FacebookSDK.framework/Versions/A/Resources/FacebookSDKResources.bundle; sourceTree = "<group>"; };
		E13901A91644CF6800D8BE3E /* Accounts.framework */ = {isa = PBXFileReference; lastKnownFileType = wrapper.framework; name = Accounts.framework; path = System/Library/Frameworks/Accounts.framework; sourceTree = SDKROOT; };
		E13901AB1644CF7D00D8BE3E /* AdSupport.framework */ = {isa = PBXFileReference; lastKnownFileType = wrapper.framework; name = AdSupport.framework; path = System/Library/Frameworks/AdSupport.framework; sourceTree = SDKROOT; };
		E13901AD1644CF9600D8BE3E /* Social.framework */ = {isa = PBXFileReference; lastKnownFileType = wrapper.framework; name = Social.framework; path = System/Library/Frameworks/Social.framework; sourceTree = SDKROOT; };
		E1393D8A16D9CB5C0028CA17 /* IISideController.h */ = {isa = PBXFileReference; fileEncoding = 4; lastKnownFileType = sourcecode.c.h; name = IISideController.h; path = Jot/Vendor/ViewDeck/ViewDeck/IISideController.h; sourceTree = SOURCE_ROOT; };
		E1393D8B16D9CB5C0028CA17 /* IISideController.m */ = {isa = PBXFileReference; fileEncoding = 4; lastKnownFileType = sourcecode.c.objc; name = IISideController.m; path = Jot/Vendor/ViewDeck/ViewDeck/IISideController.m; sourceTree = SOURCE_ROOT; };
		E1423600161A6DD7008B3891 /* Constants.h */ = {isa = PBXFileReference; fileEncoding = 4; lastKnownFileType = sourcecode.c.h; path = Constants.h; sourceTree = "<group>"; };
		E144EDFB1618C46F00A64615 /* Jot.xcdatamodel */ = {isa = PBXFileReference; lastKnownFileType = wrapper.xcdatamodel; path = Jot.xcdatamodel; sourceTree = "<group>"; };
		E15633FD166121BF00B227EA /* icon.png */ = {isa = PBXFileReference; lastKnownFileType = image.png; name = icon.png; path = Resources/icon.png; sourceTree = "<group>"; };
		E15633FF166121C700B227EA /* Default.png */ = {isa = PBXFileReference; lastKnownFileType = image.png; name = Default.png; path = Resources/Default.png; sourceTree = "<group>"; };
		E1563401166121CA00B227EA /* Default@2x.png */ = {isa = PBXFileReference; lastKnownFileType = image.png; name = "Default@2x.png"; path = "Resources/Default@2x.png"; sourceTree = "<group>"; };
		E15B2B7E16752F7E00FFCF00 /* Constants.m */ = {isa = PBXFileReference; fileEncoding = 4; lastKnownFileType = sourcecode.c.objc; path = Constants.m; sourceTree = "<group>"; };
		E168A38216112B8800A6AEB8 /* CoreData.framework */ = {isa = PBXFileReference; lastKnownFileType = wrapper.framework; name = CoreData.framework; path = System/Library/Frameworks/CoreData.framework; sourceTree = SDKROOT; };
		E168A38716112D8300A6AEB8 /* JotItem.h */ = {isa = PBXFileReference; fileEncoding = 4; lastKnownFileType = sourcecode.c.h; name = JotItem.h; path = Models/JotItem.h; sourceTree = "<group>"; };
		E168A38816112D8300A6AEB8 /* JotItem.m */ = {isa = PBXFileReference; fileEncoding = 4; lastKnownFileType = sourcecode.c.objc; name = JotItem.m; path = Models/JotItem.m; sourceTree = "<group>"; };
		E1A933EA15B3987700F1F22F /* DAKeyboardControl.h */ = {isa = PBXFileReference; fileEncoding = 4; lastKnownFileType = sourcecode.c.h; name = DAKeyboardControl.h; path = Vendor/DAKeyboardControl/DAKeyboardControl/DAKeyboardControl.h; sourceTree = "<group>"; };
		E1A933EB15B3987700F1F22F /* DAKeyboardControl.m */ = {isa = PBXFileReference; fileEncoding = 4; lastKnownFileType = sourcecode.c.objc; name = DAKeyboardControl.m; path = Vendor/DAKeyboardControl/DAKeyboardControl/DAKeyboardControl.m; sourceTree = "<group>"; };
		E1B2E4A7161359DA0073C3CE /* JotItemStore.h */ = {isa = PBXFileReference; fileEncoding = 4; lastKnownFileType = sourcecode.c.h; name = JotItemStore.h; path = Models/JotItemStore.h; sourceTree = "<group>"; };
		E1B2E4A8161359DA0073C3CE /* JotItemStore.m */ = {isa = PBXFileReference; fileEncoding = 4; lastKnownFileType = sourcecode.c.objc; name = JotItemStore.m; path = Models/JotItemStore.m; sourceTree = "<group>"; };
		E1B2E4AE16135E5C0073C3CE /* Default-568h@2x.png */ = {isa = PBXFileReference; lastKnownFileType = image.png; name = "Default-568h@2x.png"; path = "Resources/Default-568h@2x.png"; sourceTree = "<group>"; };
		E1BA5973162137EF00653159 /* IIViewDeckController.h */ = {isa = PBXFileReference; fileEncoding = 4; lastKnownFileType = sourcecode.c.h; name = IIViewDeckController.h; path = Jot/Vendor/ViewDeck/ViewDeck/IIViewDeckController.h; sourceTree = SOURCE_ROOT; };
		E1BA5974162137EF00653159 /* IIViewDeckController.m */ = {isa = PBXFileReference; fileEncoding = 4; lastKnownFileType = sourcecode.c.objc; name = IIViewDeckController.m; path = Jot/Vendor/ViewDeck/ViewDeck/IIViewDeckController.m; sourceTree = SOURCE_ROOT; };
		E1BA5975162137EF00653159 /* IIWrapController.h */ = {isa = PBXFileReference; fileEncoding = 4; lastKnownFileType = sourcecode.c.h; name = IIWrapController.h; path = Jot/Vendor/ViewDeck/ViewDeck/IIWrapController.h; sourceTree = SOURCE_ROOT; };
		E1BA5976162137EF00653159 /* IIWrapController.m */ = {isa = PBXFileReference; fileEncoding = 4; lastKnownFileType = sourcecode.c.objc; name = IIWrapController.m; path = Jot/Vendor/ViewDeck/ViewDeck/IIWrapController.m; sourceTree = SOURCE_ROOT; };
		E1BE1D7F15F2654500271A2D /* icon@2x.png */ = {isa = PBXFileReference; lastKnownFileType = image.png; name = "icon@2x.png"; path = "Resources/icon@2x.png"; sourceTree = "<group>"; };
		E1BE1D9F15F2F56500271A2D /* ItemActionsController.h */ = {isa = PBXFileReference; fileEncoding = 4; lastKnownFileType = sourcecode.c.h; name = ItemActionsController.h; path = Jot/Controllers/ItemActionsController.h; sourceTree = SOURCE_ROOT; };
		E1BE1DA015F2F56500271A2D /* ItemActionsController.m */ = {isa = PBXFileReference; fileEncoding = 4; lastKnownFileType = sourcecode.c.objc; name = ItemActionsController.m; path = Jot/Controllers/ItemActionsController.m; sourceTree = SOURCE_ROOT; };
		E1BE1DA215F2F6E400271A2D /* ItemListController.h */ = {isa = PBXFileReference; fileEncoding = 4; lastKnownFileType = sourcecode.c.h; name = ItemListController.h; path = Controllers/ItemListController.h; sourceTree = "<group>"; };
		E1BE1DA315F2F6E400271A2D /* ItemListController.m */ = {isa = PBXFileReference; fileEncoding = 4; lastKnownFileType = sourcecode.c.objc; name = ItemListController.m; path = Controllers/ItemListController.m; sourceTree = "<group>"; };
		E1E6A1B0164C987400839427 /* Twitter.framework */ = {isa = PBXFileReference; lastKnownFileType = wrapper.framework; name = Twitter.framework; path = System/Library/Frameworks/Twitter.framework; sourceTree = SDKROOT; };
		E1F65B02164EC8A100983129 /* SettingsController.h */ = {isa = PBXFileReference; fileEncoding = 4; lastKnownFileType = sourcecode.c.h; name = SettingsController.h; path = Controllers/SettingsController.h; sourceTree = "<group>"; };
		E1F65B03164EC8A100983129 /* SettingsController.m */ = {isa = PBXFileReference; fileEncoding = 4; lastKnownFileType = sourcecode.c.objc; name = SettingsController.m; path = Controllers/SettingsController.m; sourceTree = "<group>"; };
/* End PBXFileReference section */

/* Begin PBXFrameworksBuildPhase section */
		E1362B5A15AA3B2B0034A2EC /* Frameworks */ = {
			isa = PBXFrameworksBuildPhase;
			buildActionMask = 2147483647;
			files = (
				E1223F1F16D93E30007EEF5B /* QuartzCore.framework in Frameworks */,
				E1E6A1B1164C987500839427 /* Twitter.framework in Frameworks */,
				E13901AE1644CF9600D8BE3E /* Social.framework in Frameworks */,
				E13901AC1644CF7D00D8BE3E /* AdSupport.framework in Frameworks */,
				E13901AA1644CF6800D8BE3E /* Accounts.framework in Frameworks */,
				E168A38316112B8800A6AEB8 /* CoreData.framework in Frameworks */,
				E1362B6215AA3B2B0034A2EC /* UIKit.framework in Frameworks */,
				E1362B6415AA3B2B0034A2EC /* Foundation.framework in Frameworks */,
				E1362B6615AA3B2B0034A2EC /* CoreGraphics.framework in Frameworks */,
				E10BF1B4163BA32F0008BA81 /* MessageUI.framework in Frameworks */,
				E1364CD71735F9C200686383 /* FacebookSDK.framework in Frameworks */,
			);
			runOnlyForDeploymentPostprocessing = 0;
		};
/* End PBXFrameworksBuildPhase section */

/* Begin PBXGroup section */
		E1223EE016D93D2D007EEF5B /* RSColorPicker */ = {
			isa = PBXGroup;
			children = (
				E1223EE116D93D2D007EEF5B /* ANImageBitmapRep */,
				E1223EFB16D93D2D007EEF5B /* ColorPickerClasses */,
			);
			name = RSColorPicker;
			path = Vendor/RSColorPicker/RSColorPicker;
			sourceTree = "<group>";
		};
		E1223EE116D93D2D007EEF5B /* ANImageBitmapRep */ = {
			isa = PBXGroup;
			children = (
				E1223EE216D93D2D007EEF5B /* ANImageBitmapRep.h */,
				E1223EE316D93D2D007EEF5B /* ANImageBitmapRep.m */,
				E1223EE416D93D2D007EEF5B /* BitmapContextRep.h */,
				E1223EE516D93D2D007EEF5B /* BitmapContextRep.m */,
				E1223EE616D93D2D007EEF5B /* Compatibility */,
				E1223EED16D93D2D007EEF5B /* CoreGraphics */,
				E1223EF216D93D2D007EEF5B /* Manipulators */,
			);
			path = ANImageBitmapRep;
			sourceTree = "<group>";
		};
		E1223EE616D93D2D007EEF5B /* Compatibility */ = {
			isa = PBXGroup;
			children = (
				E1223EE716D93D2D007EEF5B /* NSImage+ANImageBitmapRep.h */,
				E1223EE816D93D2D007EEF5B /* NSImage+ANImageBitmapRep.m */,
				E1223EE916D93D2D007EEF5B /* OSCommonImage.h */,
				E1223EEA16D93D2D007EEF5B /* OSCommonImage.m */,
				E1223EEB16D93D2D007EEF5B /* UIImage+ANImageBitmapRep.h */,
				E1223EEC16D93D2D007EEF5B /* UIImage+ANImageBitmapRep.m */,
			);
			path = Compatibility;
			sourceTree = "<group>";
		};
		E1223EED16D93D2D007EEF5B /* CoreGraphics */ = {
			isa = PBXGroup;
			children = (
				E1223EEE16D93D2D007EEF5B /* CGContextCreator.h */,
				E1223EEF16D93D2D007EEF5B /* CGContextCreator.m */,
				E1223EF016D93D2D007EEF5B /* CGImageContainer.h */,
				E1223EF116D93D2D007EEF5B /* CGImageContainer.m */,
			);
			path = CoreGraphics;
			sourceTree = "<group>";
		};
		E1223EF216D93D2D007EEF5B /* Manipulators */ = {
			isa = PBXGroup;
			children = (
				E1223EF316D93D2D007EEF5B /* BitmapContextManipulator.h */,
				E1223EF416D93D2D007EEF5B /* BitmapContextManipulator.m */,
				E1223EF516D93D2D007EEF5B /* BitmapCropManipulator.h */,
				E1223EF616D93D2D007EEF5B /* BitmapCropManipulator.m */,
				E1223EF716D93D2D007EEF5B /* BitmapRotationManipulator.h */,
				E1223EF816D93D2D007EEF5B /* BitmapRotationManipulator.m */,
				E1223EF916D93D2D007EEF5B /* BitmapScaleManipulator.h */,
				E1223EFA16D93D2D007EEF5B /* BitmapScaleManipulator.m */,
			);
			path = Manipulators;
			sourceTree = "<group>";
		};
		E1223EFB16D93D2D007EEF5B /* ColorPickerClasses */ = {
			isa = PBXGroup;
			children = (
				E1223EFC16D93D2D007EEF5B /* BGRSLoupeLayer.h */,
				E1223EFD16D93D2D007EEF5B /* BGRSLoupeLayer.m */,
				E1223EFE16D93D2D007EEF5B /* RSBrightnessSlider.h */,
				E1223EFF16D93D2D007EEF5B /* RSBrightnessSlider.m */,
				E1223F0016D93D2D007EEF5B /* RSColorPickerView.h */,
				E1223F0116D93D2D007EEF5B /* RSColorPickerView.m */,
			);
			path = ColorPickerClasses;
			sourceTree = "<group>";
		};
		E1362B5215AA3B2B0034A2EC = {
			isa = PBXGroup;
			children = (
				E1362B6715AA3B2B0034A2EC /* Jot */,
				E1362B6015AA3B2B0034A2EC /* Frameworks */,
				E1362B5E15AA3B2B0034A2EC /* Products */,
			);
			sourceTree = "<group>";
		};
		E1362B5E15AA3B2B0034A2EC /* Products */ = {
			isa = PBXGroup;
			children = (
				E1362B5D15AA3B2B0034A2EC /* Jot.app */,
			);
			name = Products;
			sourceTree = "<group>";
		};
		E1362B6015AA3B2B0034A2EC /* Frameworks */ = {
			isa = PBXGroup;
			children = (
				E1364CD81735F9DD00686383 /* FacebookSDKResources.bundle */,
				E1364CD61735F9C200686383 /* FacebookSDK.framework */,
				E1223F1E16D93E30007EEF5B /* QuartzCore.framework */,
				E1E6A1B0164C987400839427 /* Twitter.framework */,
				E13901AD1644CF9600D8BE3E /* Social.framework */,
				E13901AB1644CF7D00D8BE3E /* AdSupport.framework */,
				E13901A91644CF6800D8BE3E /* Accounts.framework */,
				E10BF1B1163BA3240008BA81 /* MessageUI.framework */,
				E168A38216112B8800A6AEB8 /* CoreData.framework */,
				E1362B6115AA3B2B0034A2EC /* UIKit.framework */,
				E1362B6315AA3B2B0034A2EC /* Foundation.framework */,
				E1362B6515AA3B2B0034A2EC /* CoreGraphics.framework */,
			);
			name = Frameworks;
			sourceTree = "<group>";
		};
		E1362B6715AA3B2B0034A2EC /* Jot */ = {
			isa = PBXGroup;
			children = (
				E1BE1D8E15F265EE00271A2D /* Vendor */,
				E165FA9D15F1BE3200080DAA /* Resources */,
				E1362B6815AA3B2B0034A2EC /* Supporting Files */,
				E168A38016112B2300A6AEB8 /* Models */,
				E1672182173B40DF0007397C /* Controllers */,
				E1362B7015AA3B2B0034A2EC /* JotAppDelegate.h */,
				E1362B7115AA3B2B0034A2EC /* JotAppDelegate.m */,
			);
			path = Jot;
			sourceTree = "<group>";
		};
		E1362B6815AA3B2B0034A2EC /* Supporting Files */ = {
			isa = PBXGroup;
			children = (
				E1362B6915AA3B2B0034A2EC /* Jot-Info.plist */,
				E1362B6A15AA3B2B0034A2EC /* InfoPlist.strings */,
				E1362B6D15AA3B2B0034A2EC /* main.m */,
				E1362B6F15AA3B2B0034A2EC /* Jot-Prefix.pch */,
				E1423600161A6DD7008B3891 /* Constants.h */,
				E15B2B7E16752F7E00FFCF00 /* Constants.m */,
			);
			name = "Supporting Files";
			sourceTree = "<group>";
		};
		E165FA9D15F1BE3200080DAA /* Resources */ = {
			isa = PBXGroup;
			children = (
				E15633FF166121C700B227EA /* Default.png */,
				E1563401166121CA00B227EA /* Default@2x.png */,
				E1B2E4AE16135E5C0073C3CE /* Default-568h@2x.png */,
				E15633FD166121BF00B227EA /* icon.png */,
				E1BE1D7F15F2654500271A2D /* icon@2x.png */,
			);
			name = Resources;
			sourceTree = "<group>";
		};
		E1672182173B40DF0007397C /* Controllers */ = {
			isa = PBXGroup;
			children = (
				E1BE1DA215F2F6E400271A2D /* ItemListController.h */,
				E1BE1DA315F2F6E400271A2D /* ItemListController.m */,
				E1362B7315AA3B2B0034A2EC /* ItemViewController.h */,
				E1362B7415AA3B2B0034A2EC /* ItemViewController.m */,
				E1BE1D9F15F2F56500271A2D /* ItemActionsController.h */,
				E1BE1DA015F2F56500271A2D /* ItemActionsController.m */,
				E1F65B02164EC8A100983129 /* SettingsController.h */,
				E1F65B03164EC8A100983129 /* SettingsController.m */,
				E103CE41169BCE07009EDECD /* SettingsAppearanceController.h */,
				E103CE42169BCE07009EDECD /* SettingsAppearanceController.m */,
				E1223F2016D941D6007EEF5B /* SettingsColorController.h */,
				E1223F2116D941D6007EEF5B /* SettingsColorController.m */,
			);
			name = Controllers;
			sourceTree = "<group>";
		};
		E168A38016112B2300A6AEB8 /* Models */ = {
			isa = PBXGroup;
			children = (
				E1B2E4A7161359DA0073C3CE /* JotItemStore.h */,
				E1B2E4A8161359DA0073C3CE /* JotItemStore.m */,
				E168A38716112D8300A6AEB8 /* JotItem.h */,
				E168A38816112D8300A6AEB8 /* JotItem.m */,
				E144EDFA1618C46F00A64615 /* Jot.xcdatamodeld */,
			);
			name = Models;
			sourceTree = "<group>";
		};
		E1BA59711621366000653159 /* DAKeyboardControl */ = {
			isa = PBXGroup;
			children = (
				E1A933EA15B3987700F1F22F /* DAKeyboardControl.h */,
				E1A933EB15B3987700F1F22F /* DAKeyboardControl.m */,
			);
			name = DAKeyboardControl;
			sourceTree = "<group>";
		};
		E1BE1D7715F2652B00271A2D /* ViewDeck */ = {
			isa = PBXGroup;
			children = (
				E1393D8A16D9CB5C0028CA17 /* IISideController.h */,
				E1393D8B16D9CB5C0028CA17 /* IISideController.m */,
				E1BA5973162137EF00653159 /* IIViewDeckController.h */,
				E1BA5974162137EF00653159 /* IIViewDeckController.m */,
				E1BA5975162137EF00653159 /* IIWrapController.h */,
				E1BA5976162137EF00653159 /* IIWrapController.m */,
			);
			name = ViewDeck;
			path = Libs;
			sourceTree = "<group>";
		};
		E1BE1D8E15F265EE00271A2D /* Vendor */ = {
			isa = PBXGroup;
			children = (
				E1223EE016D93D2D007EEF5B /* RSColorPicker */,
				E1BA59711621366000653159 /* DAKeyboardControl */,
				E1BE1D7715F2652B00271A2D /* ViewDeck */,
			);
			name = Vendor;
			sourceTree = "<group>";
		};
/* End PBXGroup section */

/* Begin PBXNativeTarget section */
		E1362B5C15AA3B2B0034A2EC /* Jot */ = {
			isa = PBXNativeTarget;
			buildConfigurationList = E1362B7B15AA3B2C0034A2EC /* Build configuration list for PBXNativeTarget "Jot" */;
			buildPhases = (
				E1362B5915AA3B2B0034A2EC /* Sources */,
				E1362B5A15AA3B2B0034A2EC /* Frameworks */,
				E1362B5B15AA3B2B0034A2EC /* Resources */,
			);
			buildRules = (
			);
			dependencies = (
			);
			name = Jot;
			productName = Jot;
			productReference = E1362B5D15AA3B2B0034A2EC /* Jot.app */;
			productType = "com.apple.product-type.application";
		};
/* End PBXNativeTarget section */

/* Begin PBXProject section */
		E1362B5415AA3B2B0034A2EC /* Project object */ = {
			isa = PBXProject;
			attributes = {
				CLASSPREFIX = Jot;
				LastUpgradeCheck = 0460;
			};
			buildConfigurationList = E1362B5715AA3B2B0034A2EC /* Build configuration list for PBXProject "Jot" */;
			compatibilityVersion = "Xcode 3.2";
			developmentRegion = English;
			hasScannedForEncodings = 0;
			knownRegions = (
				en,
			);
			mainGroup = E1362B5215AA3B2B0034A2EC;
			productRefGroup = E1362B5E15AA3B2B0034A2EC /* Products */;
			projectDirPath = "";
			projectRoot = "";
			targets = (
				E1362B5C15AA3B2B0034A2EC /* Jot */,
			);
		};
/* End PBXProject section */

/* Begin PBXResourcesBuildPhase section */
		E1362B5B15AA3B2B0034A2EC /* Resources */ = {
			isa = PBXResourcesBuildPhase;
			buildActionMask = 2147483647;
			files = (
				E1362B6C15AA3B2B0034A2EC /* InfoPlist.strings in Resources */,
				E1BE1D8015F2654500271A2D /* icon@2x.png in Resources */,
				E1B2E4AF16135E5C0073C3CE /* Default-568h@2x.png in Resources */,
				E15633FE166121BF00B227EA /* icon.png in Resources */,
				E1563400166121C700B227EA /* Default.png in Resources */,
				E1563402166121CA00B227EA /* Default@2x.png in Resources */,
				E1364CD91735F9DD00686383 /* FacebookSDKResources.bundle in Resources */,
			);
			runOnlyForDeploymentPostprocessing = 0;
		};
/* End PBXResourcesBuildPhase section */

/* Begin PBXSourcesBuildPhase section */
		E1362B5915AA3B2B0034A2EC /* Sources */ = {
			isa = PBXSourcesBuildPhase;
			buildActionMask = 2147483647;
			files = (
				E1362B6E15AA3B2B0034A2EC /* main.m in Sources */,
				E1362B7215AA3B2B0034A2EC /* JotAppDelegate.m in Sources */,
				E1362B7515AA3B2B0034A2EC /* ItemViewController.m in Sources */,
				E1A933EC15B3987700F1F22F /* DAKeyboardControl.m in Sources */,
				E1BE1DA115F2F56500271A2D /* ItemActionsController.m in Sources */,
				E1BE1DA415F2F6E400271A2D /* ItemListController.m in Sources */,
				E168A38916112D8300A6AEB8 /* JotItem.m in Sources */,
				E1B2E4A9161359DA0073C3CE /* JotItemStore.m in Sources */,
				E144EDFC1618C46F00A64615 /* Jot.xcdatamodeld in Sources */,
				E1BA5977162137EF00653159 /* IIViewDeckController.m in Sources */,
				E1BA5978162137EF00653159 /* IIWrapController.m in Sources */,
				E1F65B04164EC8A100983129 /* SettingsController.m in Sources */,
				E15B2B7F16752F7E00FFCF00 /* Constants.m in Sources */,
				E103CE43169BCE07009EDECD /* SettingsAppearanceController.m in Sources */,
				E1223F0B16D93D2D007EEF5B /* ANImageBitmapRep.m in Sources */,
				E1223F0C16D93D2D007EEF5B /* BitmapContextRep.m in Sources */,
				E1223F0D16D93D2D007EEF5B /* NSImage+ANImageBitmapRep.m in Sources */,
				E1223F0E16D93D2D007EEF5B /* OSCommonImage.m in Sources */,
				E1223F0F16D93D2D007EEF5B /* UIImage+ANImageBitmapRep.m in Sources */,
				E1223F1016D93D2D007EEF5B /* CGContextCreator.m in Sources */,
				E1223F1116D93D2D007EEF5B /* CGImageContainer.m in Sources */,
				E1223F1216D93D2D007EEF5B /* BitmapContextManipulator.m in Sources */,
				E1223F1316D93D2D007EEF5B /* BitmapCropManipulator.m in Sources */,
				E1223F1416D93D2D007EEF5B /* BitmapRotationManipulator.m in Sources */,
				E1223F1516D93D2D007EEF5B /* BitmapScaleManipulator.m in Sources */,
				E1223F1616D93D2D007EEF5B /* BGRSLoupeLayer.m in Sources */,
				E1223F1716D93D2D007EEF5B /* RSBrightnessSlider.m in Sources */,
				E1223F1816D93D2D007EEF5B /* RSColorPickerView.m in Sources */,
				E1223F2216D941D7007EEF5B /* SettingsColorController.m in Sources */,
				E1393D8C16D9CB5C0028CA17 /* IISideController.m in Sources */,
			);
			runOnlyForDeploymentPostprocessing = 0;
		};
/* End PBXSourcesBuildPhase section */

/* Begin PBXVariantGroup section */
		E1362B6A15AA3B2B0034A2EC /* InfoPlist.strings */ = {
			isa = PBXVariantGroup;
			children = (
				E1362B6B15AA3B2B0034A2EC /* en */,
			);
			name = InfoPlist.strings;
			sourceTree = "<group>";
		};
/* End PBXVariantGroup section */

/* Begin XCBuildConfiguration section */
		E1362B7915AA3B2C0034A2EC /* Debug */ = {
			isa = XCBuildConfiguration;
			buildSettings = {
				ALWAYS_SEARCH_USER_PATHS = NO;
				ARCHS = "$(ARCHS_STANDARD_32_BIT)";
				CLANG_ENABLE_OBJC_ARC = YES;
				CLANG_WARN_CONSTANT_CONVERSION = YES;
				CLANG_WARN_ENUM_CONVERSION = YES;
				CLANG_WARN_INT_CONVERSION = YES;
				CLANG_WARN__DUPLICATE_METHOD_MATCH = YES;
				CODE_SIGN_IDENTITY = "iPhone Developer: Harry Wolff (5C646GZ56V)";
				"CODE_SIGN_IDENTITY[sdk=iphoneos*]" = "iPhone Developer: Harry Wolff (5C646GZ56V)";
				COPY_PHASE_STRIP = NO;
				GCC_C_LANGUAGE_STANDARD = gnu99;
				GCC_DYNAMIC_NO_PIC = NO;
				GCC_OPTIMIZATION_LEVEL = 0;
				GCC_PREPROCESSOR_DEFINITIONS = (
					"DEBUG=1",
					"$(inherited)",
				);
				GCC_SYMBOLS_PRIVATE_EXTERN = NO;
				GCC_VERSION = com.apple.compilers.llvm.clang.1_0;
				GCC_WARN_ABOUT_RETURN_TYPE = YES;
				GCC_WARN_UNINITIALIZED_AUTOS = YES;
				GCC_WARN_UNUSED_VARIABLE = YES;
				IPHONEOS_DEPLOYMENT_TARGET = 5.1;
				PROVISIONING_PROFILE = "D8C13DE3-F65A-4930-845D-84254EB96531";
				"PROVISIONING_PROFILE[sdk=iphoneos*]" = "D8C13DE3-F65A-4930-845D-84254EB96531";
				SDKROOT = iphoneos;
			};
			name = Debug;
		};
		E1362B7A15AA3B2C0034A2EC /* Release */ = {
			isa = XCBuildConfiguration;
			buildSettings = {
				ALWAYS_SEARCH_USER_PATHS = NO;
				ARCHS = "$(ARCHS_STANDARD_32_BIT)";
				CLANG_ENABLE_OBJC_ARC = YES;
				CLANG_WARN_CONSTANT_CONVERSION = YES;
				CLANG_WARN_ENUM_CONVERSION = YES;
				CLANG_WARN_INT_CONVERSION = YES;
				CLANG_WARN__DUPLICATE_METHOD_MATCH = YES;
				CODE_SIGN_IDENTITY = "iPhone Distribution: Harry Wolff";
				"CODE_SIGN_IDENTITY[sdk=iphoneos*]" = "iPhone Distribution: Harry Wolff";
				COPY_PHASE_STRIP = YES;
				GCC_C_LANGUAGE_STANDARD = gnu99;
				GCC_VERSION = com.apple.compilers.llvm.clang.1_0;
				GCC_WARN_ABOUT_RETURN_TYPE = YES;
				GCC_WARN_UNINITIALIZED_AUTOS = YES;
				GCC_WARN_UNUSED_VARIABLE = YES;
				IPHONEOS_DEPLOYMENT_TARGET = 5.1;
				OTHER_CFLAGS = "-DNS_BLOCK_ASSERTIONS=1";
				PROVISIONING_PROFILE = "C6B982A2-03F9-4329-9563-FB1256667DD5";
				"PROVISIONING_PROFILE[sdk=iphoneos*]" = "C6B982A2-03F9-4329-9563-FB1256667DD5";
				SDKROOT = iphoneos;
				VALIDATE_PRODUCT = YES;
			};
			name = Release;
		};
		E1362B7C15AA3B2C0034A2EC /* Debug */ = {
			isa = XCBuildConfiguration;
			buildSettings = {
				FRAMEWORK_SEARCH_PATHS = (
					"$(inherited)",
					"\"$(SRCROOT)/Jot/Vendor/FacebookSDK/build\"",
				);
				GCC_PRECOMPILE_PREFIX_HEADER = YES;
				GCC_PREFIX_HEADER = "Jot/Jot-Prefix.pch";
				INFOPLIST_FILE = "Jot/Jot-Info.plist";
				IPHONEOS_DEPLOYMENT_TARGET = 5.0;
				OTHER_LDFLAGS = "-lsqlite3.0";
				PRODUCT_NAME = "$(TARGET_NAME)";
				TARGETED_DEVICE_FAMILY = 1;
				WRAPPER_EXTENSION = app;
			};
			name = Debug;
		};
		E1362B7D15AA3B2C0034A2EC /* Release */ = {
			isa = XCBuildConfiguration;
			buildSettings = {
				FRAMEWORK_SEARCH_PATHS = (
					"$(inherited)",
					"\"$(SRCROOT)/Jot/Vendor/FacebookSDK/build\"",
				);
				GCC_PRECOMPILE_PREFIX_HEADER = YES;
				GCC_PREFIX_HEADER = "Jot/Jot-Prefix.pch";
				INFOPLIST_FILE = "Jot/Jot-Info.plist";
				IPHONEOS_DEPLOYMENT_TARGET = 5.0;
				OTHER_LDFLAGS = "-lsqlite3.0";
				PRODUCT_NAME = "$(TARGET_NAME)";
				TARGETED_DEVICE_FAMILY = 1;
				WRAPPER_EXTENSION = app;
			};
			name = Release;
		};
/* End XCBuildConfiguration section */

/* Begin XCConfigurationList section */
		E1362B5715AA3B2B0034A2EC /* Build configuration list for PBXProject "Jot" */ = {
			isa = XCConfigurationList;
			buildConfigurations = (
				E1362B7915AA3B2C0034A2EC /* Debug */,
				E1362B7A15AA3B2C0034A2EC /* Release */,
			);
			defaultConfigurationIsVisible = 0;
			defaultConfigurationName = Release;
		};
		E1362B7B15AA3B2C0034A2EC /* Build configuration list for PBXNativeTarget "Jot" */ = {
			isa = XCConfigurationList;
			buildConfigurations = (
				E1362B7C15AA3B2C0034A2EC /* Debug */,
				E1362B7D15AA3B2C0034A2EC /* Release */,
			);
			defaultConfigurationIsVisible = 0;
			defaultConfigurationName = Release;
		};
/* End XCConfigurationList section */

/* Begin XCVersionGroup section */
		E144EDFA1618C46F00A64615 /* Jot.xcdatamodeld */ = {
			isa = XCVersionGroup;
			children = (
				E144EDFB1618C46F00A64615 /* Jot.xcdatamodel */,
			);
			currentVersion = E144EDFB1618C46F00A64615 /* Jot.xcdatamodel */;
			name = Jot.xcdatamodeld;
			path = Models/Jot.xcdatamodeld;
			sourceTree = "<group>";
			versionGroupType = wrapper.xcdatamodel;
		};
/* End XCVersionGroup section */
	};
	rootObject = E1362B5415AA3B2B0034A2EC /* Project object */;
}
